
Microsoft Visual Studio Solution File, Format Version 12.00
# Visual Studio Version 17
VisualStudioVersion = 17.6.33815.320
MinimumVisualStudioVersion = 10.0.40219.1
Project("{FAE04EC0-301F-11D3-BF4B-00C04F79EFBC}") = "ControleDeProdutosAula", "ControleDeProdutosAula\ControleDeProdutosAula.csproj", "{811052EB-701E-454E-BE38-613E236B24B1}"
EndProject
Global
	GlobalSection(SolutionConfigurationPlatforms) = preSolution
		Debug|Any CPU = Debug|Any CPU
		Release|Any CPU = Release|Any CPU
	EndGlobalSection
	GlobalSection(ProjectConfigurationPlatforms) = postSolution
		{811052EB-701E-454E-BE38-613E236B24B1}.Debug|Any CPU.ActiveCfg = Debug|Any CPU
		{811052EB-701E-454E-BE38-613E236B24B1}.Debug|Any CPU.Build.0 = Debug|Any CPU
		{811052EB-701E-454E-BE38-613E236B24B1}.Release|Any CPU.ActiveCfg = Release|Any CPU
		{811052EB-701E-454E-BE38-613E236B24B1}.Release|Any CPU.Build.0 = Release|Any CPU
	EndGlobalSection
	GlobalSection(SolutionProperties) = preSolution
		HideSolutionNode = FALSE
	EndGlobalSection
	GlobalSection(ExtensibilityGlobals) = postSolution
		SolutionGuid = {C8B235CA-4E81-41A7-BB2F-00A9169F042A}
	EndGlobalSection
EndGlobal
